
Microsoft Visual Studio Solution File, Format Version 12.00
# Visual Studio 15
VisualStudioVersion = 15.0.28010.2050
MinimumVisualStudioVersion = 10.0.40219.1
Project("{FAE04EC0-301F-11D3-BF4B-00C04F79EFBC}") = "House for rent", "House for rent\House for rent.csproj", "{4BC317AC-28CD-44CE-900C-96D034D42B38}"
EndProject
Project("{FAE04EC0-301F-11D3-BF4B-00C04F79EFBC}") = "PropertyClasses", "PropertyClasses\PropertyClasses.csproj", "{ACB089DA-6E0F-4BD2-A6BD-0D358711586B}"
EndProject
Global
	GlobalSection(SolutionConfigurationPlatforms) = preSolution
		Debug|Any CPU = Debug|Any CPU
		Release|Any CPU = Release|Any CPU
	EndGlobalSection
	GlobalSection(ProjectConfigurationPlatforms) = postSolution
		{4BC317AC-28CD-44CE-900C-96D034D42B38}.Debug|Any CPU.ActiveCfg = Debug|Any CPU
		{4BC317AC-28CD-44CE-900C-96D034D42B38}.Debug|Any CPU.Build.0 = Debug|Any CPU
		{4BC317AC-28CD-44CE-900C-96D034D42B38}.Release|Any CPU.ActiveCfg = Release|Any CPU
		{4BC317AC-28CD-44CE-900C-96D034D42B38}.Release|Any CPU.Build.0 = Release|Any CPU
		{ACB089DA-6E0F-4BD2-A6BD-0D358711586B}.Debug|Any CPU.ActiveCfg = Debug|Any CPU
		{ACB089DA-6E0F-4BD2-A6BD-0D358711586B}.Debug|Any CPU.Build.0 = Debug|Any CPU
		{ACB089DA-6E0F-4BD2-A6BD-0D358711586B}.Release|Any CPU.ActiveCfg = Release|Any CPU
		{ACB089DA-6E0F-4BD2-A6BD-0D358711586B}.Release|Any CPU.Build.0 = Release|Any CPU
	EndGlobalSection
	GlobalSection(SolutionProperties) = preSolution
		HideSolutionNode = FALSE
	EndGlobalSection
	GlobalSection(ExtensibilityGlobals) = postSolution
		SolutionGuid = {DB357004-07D3-47FC-B756-9F8BC18E1B2F}
	EndGlobalSection
EndGlobal
